
Microsoft Visual Studio Solution File, Format Version 12.00
# Visual Studio Version 17
VisualStudioVersion = 17.9.34714.143
MinimumVisualStudioVersion = 10.0.40219.1
Project("{FAE04EC0-301F-11D3-BF4B-00C04F79EFBC}") = "ReginusLTD", "ReginusLTD\ReginusLTD.csproj", "{45F35B21-EC73-490F-B2DB-44F423440B7C}"
EndProject
Global
	GlobalSection(SolutionConfigurationPlatforms) = preSolution
		Debug|Any CPU = Debug|Any CPU
		Release|Any CPU = Release|Any CPU
	EndGlobalSection
	GlobalSection(ProjectConfigurationPlatforms) = postSolution
		{45F35B21-EC73-490F-B2DB-44F423440B7C}.Debug|Any CPU.ActiveCfg = Debug|Any CPU
		{45F35B21-EC73-490F-B2DB-44F423440B7C}.Debug|Any CPU.Build.0 = Debug|Any CPU
		{45F35B21-EC73-490F-B2DB-44F423440B7C}.Release|Any CPU.ActiveCfg = Release|Any CPU
		{45F35B21-EC73-490F-B2DB-44F423440B7C}.Release|Any CPU.Build.0 = Release|Any CPU
	EndGlobalSection
	GlobalSection(SolutionProperties) = preSolution
		HideSolutionNode = FALSE
	EndGlobalSection
	GlobalSection(ExtensibilityGlobals) = postSolution
		SolutionGuid = {6A82CA6A-24FF-49E8-AB7F-BEF2916AEE5D}
	EndGlobalSection
EndGlobal
